// !$*UTF8*$!
{
	archiveVersion = 1;
	classes = {
	};
	objectVersion = 55;
	objects = {

/* Begin PBXBuildFile section */
		749B64C2298D0E4500A21724 /* PersistenceManager.swift in Sources */ = {isa = PBXBuildFile; fileRef = 749B64C1298D0E4500A21724 /* PersistenceManager.swift */; };
		749B64C4298D1F4000A21724 /* FavoriteCell.swift in Sources */ = {isa = PBXBuildFile; fileRef = 749B64C3298D1F4000A21724 /* FavoriteCell.swift */; };
		749B64C7298D351200A21724 /* GFTabBarController.swift in Sources */ = {isa = PBXBuildFile; fileRef = 749B64C6298D351200A21724 /* GFTabBarController.swift */; };
		749B64C9298D481300A21724 /* GFAlertContainerView.swift in Sources */ = {isa = PBXBuildFile; fileRef = 749B64C8298D481300A21724 /* GFAlertContainerView.swift */; };
		749B64CB298D7B2A00A21724 /* GFDataLoadingVC.swift in Sources */ = {isa = PBXBuildFile; fileRef = 749B64CA298D7B2A00A21724 /* GFDataLoadingVC.swift */; };
		749B64CD298E6D9100A21724 /* UIView+Ext.swift in Sources */ = {isa = PBXBuildFile; fileRef = 749B64CC298E6D9100A21724 /* UIView+Ext.swift */; };
		74E7D0D9298973F4002FAD12 /* Constants.swift in Sources */ = {isa = PBXBuildFile; fileRef = 74E7D0D8298973F4002FAD12 /* Constants.swift */; };
		74E7D0DB29897C91002FAD12 /* GFItemInfoView.swift in Sources */ = {isa = PBXBuildFile; fileRef = 74E7D0DA29897C91002FAD12 /* GFItemInfoView.swift */; };
		74E7D0DD2989815A002FAD12 /* GFItemInfoVC.swift in Sources */ = {isa = PBXBuildFile; fileRef = 74E7D0DC2989815A002FAD12 /* GFItemInfoVC.swift */; };
		74E7D0DF298A92A7002FAD12 /* GFRepoItemVC.swift in Sources */ = {isa = PBXBuildFile; fileRef = 74E7D0DE298A92A7002FAD12 /* GFRepoItemVC.swift */; };
		74E7D0E1298A951B002FAD12 /* GFFollowerItemVC.swift in Sources */ = {isa = PBXBuildFile; fileRef = 74E7D0E0298A951B002FAD12 /* GFFollowerItemVC.swift */; };
		74E7D0E4298AA68F002FAD12 /* Date+Ext.swift in Sources */ = {isa = PBXBuildFile; fileRef = 74E7D0E3298AA68F002FAD12 /* Date+Ext.swift */; };
		74E7D0E6298AA6CB002FAD12 /* String+Ext.swift in Sources */ = {isa = PBXBuildFile; fileRef = 74E7D0E5298AA6CB002FAD12 /* String+Ext.swift */; };
		74FA15B52981B28300E17E17 /* AppDelegate.swift in Sources */ = {isa = PBXBuildFile; fileRef = 74FA15B42981B28300E17E17 /* AppDelegate.swift */; };
		74FA15B72981B28300E17E17 /* SceneDelegate.swift in Sources */ = {isa = PBXBuildFile; fileRef = 74FA15B62981B28300E17E17 /* SceneDelegate.swift */; };
		74FA15BE2981B28400E17E17 /* Assets.xcassets in Resources */ = {isa = PBXBuildFile; fileRef = 74FA15BD2981B28400E17E17 /* Assets.xcassets */; };
		74FA15C12981B28400E17E17 /* LaunchScreen.storyboard in Resources */ = {isa = PBXBuildFile; fileRef = 74FA15BF2981B28400E17E17 /* LaunchScreen.storyboard */; };
		74FA15C92982C01200E17E17 /* SearchVC.swift in Sources */ = {isa = PBXBuildFile; fileRef = 74FA15C82982C01200E17E17 /* SearchVC.swift */; };
		74FA15CB2982C03600E17E17 /* FavoriteListVC.swift in Sources */ = {isa = PBXBuildFile; fileRef = 74FA15CA2982C03600E17E17 /* FavoriteListVC.swift */; };
		74FA15CD2982CA7C00E17E17 /* GFButton.swift in Sources */ = {isa = PBXBuildFile; fileRef = 74FA15CC2982CA7C00E17E17 /* GFButton.swift */; };
		74FA15D02983218E00E17E17 /* GFTextField.swift in Sources */ = {isa = PBXBuildFile; fileRef = 74FA15CF2983218E00E17E17 /* GFTextField.swift */; };
		74FA15D22983D1C600E17E17 /* FollowersListVC.swift in Sources */ = {isa = PBXBuildFile; fileRef = 74FA15D12983D1C600E17E17 /* FollowersListVC.swift */; };
		74FA15D42983D80000E17E17 /* GFTitleLabel.swift in Sources */ = {isa = PBXBuildFile; fileRef = 74FA15D32983D80000E17E17 /* GFTitleLabel.swift */; };
		74FA15D62983E27600E17E17 /* GFBodyLabel.swift in Sources */ = {isa = PBXBuildFile; fileRef = 74FA15D52983E27600E17E17 /* GFBodyLabel.swift */; };
		74FA15D82983E37A00E17E17 /* GFAlertVC.swift in Sources */ = {isa = PBXBuildFile; fileRef = 74FA15D72983E37A00E17E17 /* GFAlertVC.swift */; };
		74FA15DA2983E97D00E17E17 /* UIVİewController+Ext.swift in Sources */ = {isa = PBXBuildFile; fileRef = 74FA15D92983E97D00E17E17 /* UIVİewController+Ext.swift */; };
		74FA15E1298401C300E17E17 /* Follower.swift in Sources */ = {isa = PBXBuildFile; fileRef = 74FA15E0298401C300E17E17 /* Follower.swift */; };
		74FA15E32984027500E17E17 /* User.swift in Sources */ = {isa = PBXBuildFile; fileRef = 74FA15E22984027500E17E17 /* User.swift */; };
		74FA15E6298406EE00E17E17 /* NetworkManager.swift in Sources */ = {isa = PBXBuildFile; fileRef = 74FA15E5298406EE00E17E17 /* NetworkManager.swift */; };
		74FA15E92984196F00E17E17 /* ErrorMessage.swift in Sources */ = {isa = PBXBuildFile; fileRef = 74FA15E82984196F00E17E17 /* ErrorMessage.swift */; };
		74FA15EC2984420400E17E17 /* FollowerCell.swift in Sources */ = {isa = PBXBuildFile; fileRef = 74FA15EB2984420400E17E17 /* FollowerCell.swift */; };
		74FA15EE2984429A00E17E17 /* GFAvatarImageView.swift in Sources */ = {isa = PBXBuildFile; fileRef = 74FA15ED2984429A00E17E17 /* GFAvatarImageView.swift */; };
		74FA15F02985498100E17E17 /* UIHelper.swift in Sources */ = {isa = PBXBuildFile; fileRef = 74FA15EF2985498100E17E17 /* UIHelper.swift */; };
		74FA15F82987FAD200E17E17 /* GFEmptyStateView.swift in Sources */ = {isa = PBXBuildFile; fileRef = 74FA15F72987FAD200E17E17 /* GFEmptyStateView.swift */; };
		74FA15FA2989059700E17E17 /* UserInfoVC.swift in Sources */ = {isa = PBXBuildFile; fileRef = 74FA15F92989059700E17E17 /* UserInfoVC.swift */; };
		74FA15FC2989359E00E17E17 /* GFUserInfoHeaderVC.swift in Sources */ = {isa = PBXBuildFile; fileRef = 74FA15FB2989359E00E17E17 /* GFUserInfoHeaderVC.swift */; };
		74FA15FE298935CD00E17E17 /* GFSecondaryTitleLabel.swift in Sources */ = {isa = PBXBuildFile; fileRef = 74FA15FD298935CD00E17E17 /* GFSecondaryTitleLabel.swift */; };
/* End PBXBuildFile section */

/* Begin PBXFileReference section */
		749B64C1298D0E4500A21724 /* PersistenceManager.swift */ = {isa = PBXFileReference; lastKnownFileType = sourcecode.swift; path = PersistenceManager.swift; sourceTree = "<group>"; };
		749B64C3298D1F4000A21724 /* FavoriteCell.swift */ = {isa = PBXFileReference; lastKnownFileType = sourcecode.swift; path = FavoriteCell.swift; sourceTree = "<group>"; };
		749B64C6298D351200A21724 /* GFTabBarController.swift */ = {isa = PBXFileReference; lastKnownFileType = sourcecode.swift; path = GFTabBarController.swift; sourceTree = "<group>"; };
		749B64C8298D481300A21724 /* GFAlertContainerView.swift */ = {isa = PBXFileReference; lastKnownFileType = sourcecode.swift; path = GFAlertContainerView.swift; sourceTree = "<group>"; };
		749B64CA298D7B2A00A21724 /* GFDataLoadingVC.swift */ = {isa = PBXFileReference; lastKnownFileType = sourcecode.swift; path = GFDataLoadingVC.swift; sourceTree = "<group>"; };
		749B64CC298E6D9100A21724 /* UIView+Ext.swift */ = {isa = PBXFileReference; lastKnownFileType = sourcecode.swift; path = "UIView+Ext.swift"; sourceTree = "<group>"; };
		74E7D0D8298973F4002FAD12 /* Constants.swift */ = {isa = PBXFileReference; lastKnownFileType = sourcecode.swift; path = Constants.swift; sourceTree = "<group>"; };
		74E7D0DA29897C91002FAD12 /* GFItemInfoView.swift */ = {isa = PBXFileReference; lastKnownFileType = sourcecode.swift; path = GFItemInfoView.swift; sourceTree = "<group>"; };
		74E7D0DC2989815A002FAD12 /* GFItemInfoVC.swift */ = {isa = PBXFileReference; lastKnownFileType = sourcecode.swift; path = GFItemInfoVC.swift; sourceTree = "<group>"; };
		74E7D0DE298A92A7002FAD12 /* GFRepoItemVC.swift */ = {isa = PBXFileReference; lastKnownFileType = sourcecode.swift; path = GFRepoItemVC.swift; sourceTree = "<group>"; };
		74E7D0E0298A951B002FAD12 /* GFFollowerItemVC.swift */ = {isa = PBXFileReference; lastKnownFileType = sourcecode.swift; path = GFFollowerItemVC.swift; sourceTree = "<group>"; };
		74E7D0E3298AA68F002FAD12 /* Date+Ext.swift */ = {isa = PBXFileReference; lastKnownFileType = sourcecode.swift; path = "Date+Ext.swift"; sourceTree = "<group>"; };
		74E7D0E5298AA6CB002FAD12 /* String+Ext.swift */ = {isa = PBXFileReference; lastKnownFileType = sourcecode.swift; path = "String+Ext.swift"; sourceTree = "<group>"; };
		74FA15B12981B28300E17E17 /* GitHubFollower_Programmatic.app */ = {isa = PBXFileReference; explicitFileType = wrapper.application; includeInIndex = 0; path = GitHubFollower_Programmatic.app; sourceTree = BUILT_PRODUCTS_DIR; };
		74FA15B42981B28300E17E17 /* AppDelegate.swift */ = {isa = PBXFileReference; lastKnownFileType = sourcecode.swift; path = AppDelegate.swift; sourceTree = "<group>"; };
		74FA15B62981B28300E17E17 /* SceneDelegate.swift */ = {isa = PBXFileReference; lastKnownFileType = sourcecode.swift; path = SceneDelegate.swift; sourceTree = "<group>"; };
		74FA15BD2981B28400E17E17 /* Assets.xcassets */ = {isa = PBXFileReference; lastKnownFileType = folder.assetcatalog; path = Assets.xcassets; sourceTree = "<group>"; };
		74FA15C02981B28400E17E17 /* Base */ = {isa = PBXFileReference; lastKnownFileType = file.storyboard; name = Base; path = Base.lproj/LaunchScreen.storyboard; sourceTree = "<group>"; };
		74FA15C22981B28400E17E17 /* Info.plist */ = {isa = PBXFileReference; lastKnownFileType = text.plist.xml; path = Info.plist; sourceTree = "<group>"; };
		74FA15C82982C01200E17E17 /* SearchVC.swift */ = {isa = PBXFileReference; lastKnownFileType = sourcecode.swift; path = SearchVC.swift; sourceTree = "<group>"; };
		74FA15CA2982C03600E17E17 /* FavoriteListVC.swift */ = {isa = PBXFileReference; lastKnownFileType = sourcecode.swift; path = FavoriteListVC.swift; sourceTree = "<group>"; };
		74FA15CC2982CA7C00E17E17 /* GFButton.swift */ = {isa = PBXFileReference; lastKnownFileType = sourcecode.swift; path = GFButton.swift; sourceTree = "<group>"; };
		74FA15CE2982D2EC00E17E17 /* README.md */ = {isa = PBXFileReference; lastKnownFileType = net.daringfireball.markdown; path = README.md; sourceTree = "<group>"; };
		74FA15CF2983218E00E17E17 /* GFTextField.swift */ = {isa = PBXFileReference; lastKnownFileType = sourcecode.swift; path = GFTextField.swift; sourceTree = "<group>"; };
		74FA15D12983D1C600E17E17 /* FollowersListVC.swift */ = {isa = PBXFileReference; lastKnownFileType = sourcecode.swift; path = FollowersListVC.swift; sourceTree = "<group>"; };
		74FA15D32983D80000E17E17 /* GFTitleLabel.swift */ = {isa = PBXFileReference; lastKnownFileType = sourcecode.swift; path = GFTitleLabel.swift; sourceTree = "<group>"; };
		74FA15D52983E27600E17E17 /* GFBodyLabel.swift */ = {isa = PBXFileReference; lastKnownFileType = sourcecode.swift; path = GFBodyLabel.swift; sourceTree = "<group>"; };
		74FA15D72983E37A00E17E17 /* GFAlertVC.swift */ = {isa = PBXFileReference; lastKnownFileType = sourcecode.swift; path = GFAlertVC.swift; sourceTree = "<group>"; };
		74FA15D92983E97D00E17E17 /* UIVİewController+Ext.swift */ = {isa = PBXFileReference; lastKnownFileType = sourcecode.swift; path = "UIVİewController+Ext.swift"; sourceTree = "<group>"; };
		74FA15E0298401C300E17E17 /* Follower.swift */ = {isa = PBXFileReference; lastKnownFileType = sourcecode.swift; path = Follower.swift; sourceTree = "<group>"; };
		74FA15E22984027500E17E17 /* User.swift */ = {isa = PBXFileReference; lastKnownFileType = sourcecode.swift; path = User.swift; sourceTree = "<group>"; };
		74FA15E5298406EE00E17E17 /* NetworkManager.swift */ = {isa = PBXFileReference; lastKnownFileType = sourcecode.swift; path = NetworkManager.swift; sourceTree = "<group>"; };
		74FA15E82984196F00E17E17 /* ErrorMessage.swift */ = {isa = PBXFileReference; lastKnownFileType = sourcecode.swift; path = ErrorMessage.swift; sourceTree = "<group>"; };
		74FA15EB2984420400E17E17 /* FollowerCell.swift */ = {isa = PBXFileReference; lastKnownFileType = sourcecode.swift; path = FollowerCell.swift; sourceTree = "<group>"; };
		74FA15ED2984429A00E17E17 /* GFAvatarImageView.swift */ = {isa = PBXFileReference; lastKnownFileType = sourcecode.swift; path = GFAvatarImageView.swift; sourceTree = "<group>"; };
		74FA15EF2985498100E17E17 /* UIHelper.swift */ = {isa = PBXFileReference; lastKnownFileType = sourcecode.swift; path = UIHelper.swift; sourceTree = "<group>"; };
		74FA15F72987FAD200E17E17 /* GFEmptyStateView.swift */ = {isa = PBXFileReference; lastKnownFileType = sourcecode.swift; path = GFEmptyStateView.swift; sourceTree = "<group>"; };
		74FA15F92989059700E17E17 /* UserInfoVC.swift */ = {isa = PBXFileReference; lastKnownFileType = sourcecode.swift; path = UserInfoVC.swift; sourceTree = "<group>"; };
		74FA15FB2989359E00E17E17 /* GFUserInfoHeaderVC.swift */ = {isa = PBXFileReference; lastKnownFileType = sourcecode.swift; path = GFUserInfoHeaderVC.swift; sourceTree = "<group>"; };
		74FA15FD298935CD00E17E17 /* GFSecondaryTitleLabel.swift */ = {isa = PBXFileReference; lastKnownFileType = sourcecode.swift; path = GFSecondaryTitleLabel.swift; sourceTree = "<group>"; };
/* End PBXFileReference section */

/* Begin PBXFrameworksBuildPhase section */
		74FA15AE2981B28300E17E17 /* Frameworks */ = {
			isa = PBXFrameworksBuildPhase;
			buildActionMask = 2147483647;
			files = (
			);
			runOnlyForDeploymentPostprocessing = 0;
		};
/* End PBXFrameworksBuildPhase section */

/* Begin PBXGroup section */
		749B64C5298D350200A21724 /* TabBarController */ = {
			isa = PBXGroup;
			children = (
				749B64C6298D351200A21724 /* GFTabBarController.swift */,
			);
			path = TabBarController;
			sourceTree = "<group>";
		};
		74E7D0E2298A958B002FAD12 /* ItemInfoVCs */ = {
			isa = PBXGroup;
			children = (
				74E7D0DC2989815A002FAD12 /* GFItemInfoVC.swift */,
				74E7D0DE298A92A7002FAD12 /* GFRepoItemVC.swift */,
				74E7D0E0298A951B002FAD12 /* GFFollowerItemVC.swift */,
			);
			path = ItemInfoVCs;
			sourceTree = "<group>";
		};
		74FA15A82981B28300E17E17 = {
			isa = PBXGroup;
			children = (
				74FA15CE2982D2EC00E17E17 /* README.md */,
				74FA15B32981B28300E17E17 /* GitHubFollower_Programmatic */,
				74FA15B22981B28300E17E17 /* Products */,
			);
			sourceTree = "<group>";
		};
		74FA15B22981B28300E17E17 /* Products */ = {
			isa = PBXGroup;
			children = (
				74FA15B12981B28300E17E17 /* GitHubFollower_Programmatic.app */,
			);
			name = Products;
			sourceTree = "<group>";
		};
		74FA15B32981B28300E17E17 /* GitHubFollower_Programmatic */ = {
			isa = PBXGroup;
			children = (
				74FA15E72984195F00E17E17 /* Utilities */,
				74FA15E4298406DE00E17E17 /* Managers */,
				74FA15DF298401BD00E17E17 /* Model */,
				74FA15DE2983FCF200E17E17 /* Support */,
				74FA15DD2983FC9300E17E17 /* Extensions */,
				74FA15DC2983FC6C00E17E17 /* CustomViews */,
				74FA15DB2983FC2900E17E17 /* Screens */,
			);
			path = GitHubFollower_Programmatic;
			sourceTree = "<group>";
		};
		74FA15DB2983FC2900E17E17 /* Screens */ = {
			isa = PBXGroup;
			children = (
				74FA15C82982C01200E17E17 /* SearchVC.swift */,
				74FA15D12983D1C600E17E17 /* FollowersListVC.swift */,
				74FA15CA2982C03600E17E17 /* FavoriteListVC.swift */,
				74FA15F92989059700E17E17 /* UserInfoVC.swift */,
			);
			path = Screens;
			sourceTree = "<group>";
		};
		74FA15DC2983FC6C00E17E17 /* CustomViews */ = {
			isa = PBXGroup;
			children = (
				749B64C5298D350200A21724 /* TabBarController */,
				74FA15F62987FA9C00E17E17 /* Labels */,
				74FA15F52987FA5800E17E17 /* ViewController */,
				74FA15F42987FA4B00E17E17 /* Textfields */,
				74FA15F32987FA3800E17E17 /* Imageviews */,
				74FA15F22987FA1100E17E17 /* Views */,
				74FA15F12987FA0600E17E17 /* Buttons */,
				74FA15EA298441EB00E17E17 /* Cells */,
			);
			path = CustomViews;
			sourceTree = "<group>";
		};
		74FA15DD2983FC9300E17E17 /* Extensions */ = {
			isa = PBXGroup;
			children = (
				74FA15D92983E97D00E17E17 /* UIVİewController+Ext.swift */,
				74E7D0E3298AA68F002FAD12 /* Date+Ext.swift */,
				74E7D0E5298AA6CB002FAD12 /* String+Ext.swift */,
				749B64CC298E6D9100A21724 /* UIView+Ext.swift */,
			);
			path = Extensions;
			sourceTree = "<group>";
		};
		74FA15DE2983FCF200E17E17 /* Support */ = {
			isa = PBXGroup;
			children = (
				74FA15C22981B28400E17E17 /* Info.plist */,
				74FA15BD2981B28400E17E17 /* Assets.xcassets */,
				74FA15BF2981B28400E17E17 /* LaunchScreen.storyboard */,
				74FA15B42981B28300E17E17 /* AppDelegate.swift */,
				74FA15B62981B28300E17E17 /* SceneDelegate.swift */,
			);
			path = Support;
			sourceTree = "<group>";
		};
		74FA15DF298401BD00E17E17 /* Model */ = {
			isa = PBXGroup;
			children = (
				74FA15E0298401C300E17E17 /* Follower.swift */,
				74FA15E22984027500E17E17 /* User.swift */,
			);
			path = Model;
			sourceTree = "<group>";
		};
		74FA15E4298406DE00E17E17 /* Managers */ = {
			isa = PBXGroup;
			children = (
				74FA15E5298406EE00E17E17 /* NetworkManager.swift */,
				749B64C1298D0E4500A21724 /* PersistenceManager.swift */,
			);
			path = Managers;
			sourceTree = "<group>";
		};
		74FA15E72984195F00E17E17 /* Utilities */ = {
			isa = PBXGroup;
			children = (
				74FA15E82984196F00E17E17 /* ErrorMessage.swift */,
				74FA15EF2985498100E17E17 /* UIHelper.swift */,
				74E7D0D8298973F4002FAD12 /* Constants.swift */,
			);
			path = Utilities;
			sourceTree = "<group>";
		};
		74FA15EA298441EB00E17E17 /* Cells */ = {
			isa = PBXGroup;
			children = (
				74FA15EB2984420400E17E17 /* FollowerCell.swift */,
				749B64C3298D1F4000A21724 /* FavoriteCell.swift */,
			);
			path = Cells;
			sourceTree = "<group>";
		};
		74FA15F12987FA0600E17E17 /* Buttons */ = {
			isa = PBXGroup;
			children = (
				74FA15CC2982CA7C00E17E17 /* GFButton.swift */,
			);
			path = Buttons;
			sourceTree = "<group>";
		};
		74FA15F22987FA1100E17E17 /* Views */ = {
			isa = PBXGroup;
			children = (
				74FA15F72987FAD200E17E17 /* GFEmptyStateView.swift */,
				74E7D0DA29897C91002FAD12 /* GFItemInfoView.swift */,
				749B64C8298D481300A21724 /* GFAlertContainerView.swift */,
			);
			path = Views;
			sourceTree = "<group>";
		};
		74FA15F32987FA3800E17E17 /* Imageviews */ = {
			isa = PBXGroup;
			children = (
				74FA15ED2984429A00E17E17 /* GFAvatarImageView.swift */,
			);
			path = Imageviews;
			sourceTree = "<group>";
		};
		74FA15F42987FA4B00E17E17 /* Textfields */ = {
			isa = PBXGroup;
			children = (
				74FA15CF2983218E00E17E17 /* GFTextField.swift */,
			);
			path = Textfields;
			sourceTree = "<group>";
		};
		74FA15F52987FA5800E17E17 /* ViewController */ = {
			isa = PBXGroup;
			children = (
				74E7D0E2298A958B002FAD12 /* ItemInfoVCs */,
				74FA15D72983E37A00E17E17 /* GFAlertVC.swift */,
				74FA15FB2989359E00E17E17 /* GFUserInfoHeaderVC.swift */,
				749B64CA298D7B2A00A21724 /* GFDataLoadingVC.swift */,
			);
			path = ViewController;
			sourceTree = "<group>";
		};
		74FA15F62987FA9C00E17E17 /* Labels */ = {
			isa = PBXGroup;
			children = (
				74FA15D32983D80000E17E17 /* GFTitleLabel.swift */,
				74FA15D52983E27600E17E17 /* GFBodyLabel.swift */,
				74FA15FD298935CD00E17E17 /* GFSecondaryTitleLabel.swift */,
			);
			path = Labels;
			sourceTree = "<group>";
		};
/* End PBXGroup section */

/* Begin PBXNativeTarget section */
		74FA15B02981B28300E17E17 /* GitHubFollower_Programmatic */ = {
			isa = PBXNativeTarget;
			buildConfigurationList = 74FA15C52981B28400E17E17 /* Build configuration list for PBXNativeTarget "GitHubFollower_Programmatic" */;
			buildPhases = (
				74FA15AD2981B28300E17E17 /* Sources */,
				74FA15AE2981B28300E17E17 /* Frameworks */,
				74FA15AF2981B28300E17E17 /* Resources */,
			);
			buildRules = (
			);
			dependencies = (
			);
			name = GitHubFollower_Programmatic;
			productName = GitHubFollower_Programmatic;
			productReference = 74FA15B12981B28300E17E17 /* GitHubFollower_Programmatic.app */;
			productType = "com.apple.product-type.application";
		};
/* End PBXNativeTarget section */

/* Begin PBXProject section */
		74FA15A92981B28300E17E17 /* Project object */ = {
			isa = PBXProject;
			attributes = {
				BuildIndependentTargetsInParallel = 1;
				LastSwiftUpdateCheck = 1420;
				LastUpgradeCheck = 1420;
				TargetAttributes = {
					74FA15B02981B28300E17E17 = {
						CreatedOnToolsVersion = 14.2;
					};
				};
			};
			buildConfigurationList = 74FA15AC2981B28300E17E17 /* Build configuration list for PBXProject "GitHubFollower_Programmatic" */;
			compatibilityVersion = "Xcode 13.0";
			developmentRegion = en;
			hasScannedForEncodings = 0;
			knownRegions = (
				en,
				Base,
			);
			mainGroup = 74FA15A82981B28300E17E17;
			productRefGroup = 74FA15B22981B28300E17E17 /* Products */;
			projectDirPath = "";
			projectRoot = "";
			targets = (
				74FA15B02981B28300E17E17 /* GitHubFollower_Programmatic */,
			);
		};
/* End PBXProject section */

/* Begin PBXResourcesBuildPhase section */
		74FA15AF2981B28300E17E17 /* Resources */ = {
			isa = PBXResourcesBuildPhase;
			buildActionMask = 2147483647;
			files = (
				74FA15C12981B28400E17E17 /* LaunchScreen.storyboard in Resources */,
				74FA15BE2981B28400E17E17 /* Assets.xcassets in Resources */,
			);
			runOnlyForDeploymentPostprocessing = 0;
		};
/* End PBXResourcesBuildPhase section */

/* Begin PBXSourcesBuildPhase section */
		74FA15AD2981B28300E17E17 /* Sources */ = {
			isa = PBXSourcesBuildPhase;
			buildActionMask = 2147483647;
			files = (
				74FA15E32984027500E17E17 /* User.swift in Sources */,
				74FA15D02983218E00E17E17 /* GFTextField.swift in Sources */,
				74FA15CB2982C03600E17E17 /* FavoriteListVC.swift in Sources */,
				74E7D0E6298AA6CB002FAD12 /* String+Ext.swift in Sources */,
				74FA15D22983D1C600E17E17 /* FollowersListVC.swift in Sources */,
				74FA15DA2983E97D00E17E17 /* UIVİewController+Ext.swift in Sources */,
				749B64CB298D7B2A00A21724 /* GFDataLoadingVC.swift in Sources */,
				74FA15F02985498100E17E17 /* UIHelper.swift in Sources */,
				74E7D0DD2989815A002FAD12 /* GFItemInfoVC.swift in Sources */,
				74E7D0D9298973F4002FAD12 /* Constants.swift in Sources */,
				74FA15EE2984429A00E17E17 /* GFAvatarImageView.swift in Sources */,
				74FA15CD2982CA7C00E17E17 /* GFButton.swift in Sources */,
				74FA15D82983E37A00E17E17 /* GFAlertVC.swift in Sources */,
				74E7D0E1298A951B002FAD12 /* GFFollowerItemVC.swift in Sources */,
				74E7D0DB29897C91002FAD12 /* GFItemInfoView.swift in Sources */,
				749B64C4298D1F4000A21724 /* FavoriteCell.swift in Sources */,
				74FA15EC2984420400E17E17 /* FollowerCell.swift in Sources */,
				749B64C7298D351200A21724 /* GFTabBarController.swift in Sources */,
				74FA15E92984196F00E17E17 /* ErrorMessage.swift in Sources */,
				74FA15FC2989359E00E17E17 /* GFUserInfoHeaderVC.swift in Sources */,
				74FA15D62983E27600E17E17 /* GFBodyLabel.swift in Sources */,
				74FA15E1298401C300E17E17 /* Follower.swift in Sources */,
				749B64C9298D481300A21724 /* GFAlertContainerView.swift in Sources */,
				74FA15D42983D80000E17E17 /* GFTitleLabel.swift in Sources */,
				74E7D0E4298AA68F002FAD12 /* Date+Ext.swift in Sources */,
				749B64C2298D0E4500A21724 /* PersistenceManager.swift in Sources */,
				74FA15FE298935CD00E17E17 /* GFSecondaryTitleLabel.swift in Sources */,
				74FA15F82987FAD200E17E17 /* GFEmptyStateView.swift in Sources */,
				74FA15E6298406EE00E17E17 /* NetworkManager.swift in Sources */,
				74FA15B52981B28300E17E17 /* AppDelegate.swift in Sources */,
				74FA15B72981B28300E17E17 /* SceneDelegate.swift in Sources */,
				74FA15C92982C01200E17E17 /* SearchVC.swift in Sources */,
				749B64CD298E6D9100A21724 /* UIView+Ext.swift in Sources */,
				74E7D0DF298A92A7002FAD12 /* GFRepoItemVC.swift in Sources */,
				74FA15FA2989059700E17E17 /* UserInfoVC.swift in Sources */,
			);
			runOnlyForDeploymentPostprocessing = 0;
		};
/* End PBXSourcesBuildPhase section */

/* Begin PBXVariantGroup section */
		74FA15BF2981B28400E17E17 /* LaunchScreen.storyboard */ = {
			isa = PBXVariantGroup;
			children = (
				74FA15C02981B28400E17E17 /* Base */,
			);
			name = LaunchScreen.storyboard;
			sourceTree = "<group>";
		};
/* End PBXVariantGroup section */

/* Begin XCBuildConfiguration section */
		74FA15C32981B28400E17E17 /* Debug */ = {
			isa = XCBuildConfiguration;
			buildSettings = {
				ALWAYS_SEARCH_USER_PATHS = NO;
				CLANG_ANALYZER_NONNULL = YES;
				CLANG_ANALYZER_NUMBER_OBJECT_CONVERSION = YES_AGGRESSIVE;
				CLANG_CXX_LANGUAGE_STANDARD = "gnu++20";
				CLANG_ENABLE_MODULES = YES;
				CLANG_ENABLE_OBJC_ARC = YES;
				CLANG_ENABLE_OBJC_WEAK = YES;
				CLANG_WARN_BLOCK_CAPTURE_AUTORELEASING = YES;
				CLANG_WARN_BOOL_CONVERSION = YES;
				CLANG_WARN_COMMA = YES;
				CLANG_WARN_CONSTANT_CONVERSION = YES;
				CLANG_WARN_DEPRECATED_OBJC_IMPLEMENTATIONS = YES;
				CLANG_WARN_DIRECT_OBJC_ISA_USAGE = YES_ERROR;
				CLANG_WARN_DOCUMENTATION_COMMENTS = YES;
				CLANG_WARN_EMPTY_BODY = YES;
				CLANG_WARN_ENUM_CONVERSION = YES;
				CLANG_WARN_INFINITE_RECURSION = YES;
				CLANG_WARN_INT_CONVERSION = YES;
				CLANG_WARN_NON_LITERAL_NULL_CONVERSION = YES;
				CLANG_WARN_OBJC_IMPLICIT_RETAIN_SELF = YES;
				CLANG_WARN_OBJC_LITERAL_CONVERSION = YES;
				CLANG_WARN_OBJC_ROOT_CLASS = YES_ERROR;
				CLANG_WARN_QUOTED_INCLUDE_IN_FRAMEWORK_HEADER = YES;
				CLANG_WARN_RANGE_LOOP_ANALYSIS = YES;
				CLANG_WARN_STRICT_PROTOTYPES = YES;
				CLANG_WARN_SUSPICIOUS_MOVE = YES;
				CLANG_WARN_UNGUARDED_AVAILABILITY = YES_AGGRESSIVE;
				CLANG_WARN_UNREACHABLE_CODE = YES;
				CLANG_WARN__DUPLICATE_METHOD_MATCH = YES;
				COPY_PHASE_STRIP = NO;
				DEBUG_INFORMATION_FORMAT = dwarf;
				ENABLE_STRICT_OBJC_MSGSEND = YES;
				ENABLE_TESTABILITY = YES;
				GCC_C_LANGUAGE_STANDARD = gnu11;
				GCC_DYNAMIC_NO_PIC = NO;
				GCC_NO_COMMON_BLOCKS = YES;
				GCC_OPTIMIZATION_LEVEL = 0;
				GCC_PREPROCESSOR_DEFINITIONS = (
					"DEBUG=1",
					"$(inherited)",
				);
				GCC_WARN_64_TO_32_BIT_CONVERSION = YES;
				GCC_WARN_ABOUT_RETURN_TYPE = YES_ERROR;
				GCC_WARN_UNDECLARED_SELECTOR = YES;
				GCC_WARN_UNINITIALIZED_AUTOS = YES_AGGRESSIVE;
				GCC_WARN_UNUSED_FUNCTION = YES;
				GCC_WARN_UNUSED_VARIABLE = YES;
				IPHONEOS_DEPLOYMENT_TARGET = 15.2;
				MTL_ENABLE_DEBUG_INFO = INCLUDE_SOURCE;
				MTL_FAST_MATH = YES;
				ONLY_ACTIVE_ARCH = YES;
				SDKROOT = iphoneos;
				SWIFT_ACTIVE_COMPILATION_CONDITIONS = DEBUG;
				SWIFT_OPTIMIZATION_LEVEL = "-Onone";
			};
			name = Debug;
		};
		74FA15C42981B28400E17E17 /* Release */ = {
			isa = XCBuildConfiguration;
			buildSettings = {
				ALWAYS_SEARCH_USER_PATHS = NO;
				CLANG_ANALYZER_NONNULL = YES;
				CLANG_ANALYZER_NUMBER_OBJECT_CONVERSION = YES_AGGRESSIVE;
				CLANG_CXX_LANGUAGE_STANDARD = "gnu++20";
				CLANG_ENABLE_MODULES = YES;
				CLANG_ENABLE_OBJC_ARC = YES;
				CLANG_ENABLE_OBJC_WEAK = YES;
				CLANG_WARN_BLOCK_CAPTURE_AUTORELEASING = YES;
				CLANG_WARN_BOOL_CONVERSION = YES;
				CLANG_WARN_COMMA = YES;
				CLANG_WARN_CONSTANT_CONVERSION = YES;
				CLANG_WARN_DEPRECATED_OBJC_IMPLEMENTATIONS = YES;
				CLANG_WARN_DIRECT_OBJC_ISA_USAGE = YES_ERROR;
				CLANG_WARN_DOCUMENTATION_COMMENTS = YES;
				CLANG_WARN_EMPTY_BODY = YES;
				CLANG_WARN_ENUM_CONVERSION = YES;
				CLANG_WARN_INFINITE_RECURSION = YES;
				CLANG_WARN_INT_CONVERSION = YES;
				CLANG_WARN_NON_LITERAL_NULL_CONVERSION = YES;
				CLANG_WARN_OBJC_IMPLICIT_RETAIN_SELF = YES;
				CLANG_WARN_OBJC_LITERAL_CONVERSION = YES;
				CLANG_WARN_OBJC_ROOT_CLASS = YES_ERROR;
				CLANG_WARN_QUOTED_INCLUDE_IN_FRAMEWORK_HEADER = YES;
				CLANG_WARN_RANGE_LOOP_ANALYSIS = YES;
				CLANG_WARN_STRICT_PROTOTYPES = YES;
				CLANG_WARN_SUSPICIOUS_MOVE = YES;
				CLANG_WARN_UNGUARDED_AVAILABILITY = YES_AGGRESSIVE;
				CLANG_WARN_UNREACHABLE_CODE = YES;
				CLANG_WARN__DUPLICATE_METHOD_MATCH = YES;
				COPY_PHASE_STRIP = NO;
				DEBUG_INFORMATION_FORMAT = "dwarf-with-dsym";
				ENABLE_NS_ASSERTIONS = NO;
				ENABLE_STRICT_OBJC_MSGSEND = YES;
				GCC_C_LANGUAGE_STANDARD = gnu11;
				GCC_NO_COMMON_BLOCKS = YES;
				GCC_WARN_64_TO_32_BIT_CONVERSION = YES;
				GCC_WARN_ABOUT_RETURN_TYPE = YES_ERROR;
				GCC_WARN_UNDECLARED_SELECTOR = YES;
				GCC_WARN_UNINITIALIZED_AUTOS = YES_AGGRESSIVE;
				GCC_WARN_UNUSED_FUNCTION = YES;
				GCC_WARN_UNUSED_VARIABLE = YES;
				IPHONEOS_DEPLOYMENT_TARGET = 15.2;
				MTL_ENABLE_DEBUG_INFO = NO;
				MTL_FAST_MATH = YES;
				SDKROOT = iphoneos;
				SWIFT_COMPILATION_MODE = wholemodule;
				SWIFT_OPTIMIZATION_LEVEL = "-O";
				VALIDATE_PRODUCT = YES;
			};
			name = Release;
		};
		74FA15C62981B28400E17E17 /* Debug */ = {
			isa = XCBuildConfiguration;
			buildSettings = {
				ASSETCATALOG_COMPILER_APPICON_NAME = AppIcon;
				ASSETCATALOG_COMPILER_GLOBAL_ACCENT_COLOR_NAME = AccentColor;
				CODE_SIGN_STYLE = Automatic;
				CURRENT_PROJECT_VERSION = 1;
				DEVELOPMENT_TEAM = 3JFC7AD7WA;
				GENERATE_INFOPLIST_FILE = YES;
				INFOPLIST_FILE = /Users/yildirim/Desktop/GitHubFollower_Programmatic/GitHubFollower_Programmatic/Support/Info.plist;
				INFOPLIST_KEY_UIApplicationSupportsIndirectInputEvents = YES;
				INFOPLIST_KEY_UILaunchStoryboardName = LaunchScreen;
				INFOPLIST_KEY_UISupportedInterfaceOrientations = UIInterfaceOrientationPortrait;
				IPHONEOS_DEPLOYMENT_TARGET = 15.2;
				LD_RUNPATH_SEARCH_PATHS = (
					"$(inherited)",
					"@executable_path/Frameworks",
				);
				MARKETING_VERSION = 1.0;
				PRODUCT_BUNDLE_IDENTIFIER = "comMuhammed.GitHubFollower-Programmatic";
				PRODUCT_NAME = "$(TARGET_NAME)";
				SUPPORTED_PLATFORMS = "iphoneos iphonesimulator";
				SUPPORTS_MACCATALYST = NO;
				SUPPORTS_MAC_DESIGNED_FOR_IPHONE_IPAD = NO;
				SWIFT_EMIT_LOC_STRINGS = YES;
				SWIFT_VERSION = 5.0;
				TARGETED_DEVICE_FAMILY = 1;
			};
			name = Debug;
		};
		74FA15C72981B28400E17E17 /* Release */ = {
			isa = XCBuildConfiguration;
			buildSettings = {
				ASSETCATALOG_COMPILER_APPICON_NAME = AppIcon;
				ASSETCATALOG_COMPILER_GLOBAL_ACCENT_COLOR_NAME = AccentColor;
				CODE_SIGN_STYLE = Automatic;
				CURRENT_PROJECT_VERSION = 1;
				DEVELOPMENT_TEAM = 3JFC7AD7WA;
				GENERATE_INFOPLIST_FILE = YES;
				INFOPLIST_FILE = /Users/yildirim/Desktop/GitHubFollower_Programmatic/GitHubFollower_Programmatic/Support/Info.plist;
				INFOPLIST_KEY_UIApplicationSupportsIndirectInputEvents = YES;
				INFOPLIST_KEY_UILaunchStoryboardName = LaunchScreen;
				INFOPLIST_KEY_UISupportedInterfaceOrientations = UIInterfaceOrientationPortrait;
				IPHONEOS_DEPLOYMENT_TARGET = 15.2;
				LD_RUNPATH_SEARCH_PATHS = (
					"$(inherited)",
					"@executable_path/Frameworks",
				);
				MARKETING_VERSION = 1.0;
				PRODUCT_BUNDLE_IDENTIFIER = "comMuhammed.GitHubFollower-Programmatic";
				PRODUCT_NAME = "$(TARGET_NAME)";
				SUPPORTED_PLATFORMS = "iphoneos iphonesimulator";
				SUPPORTS_MACCATALYST = NO;
				SUPPORTS_MAC_DESIGNED_FOR_IPHONE_IPAD = NO;
				SWIFT_EMIT_LOC_STRINGS = YES;
				SWIFT_VERSION = 5.0;
				TARGETED_DEVICE_FAMILY = 1;
			};
			name = Release;
		};
/* End XCBuildConfiguration section */

/* Begin XCConfigurationList section */
		74FA15AC2981B28300E17E17 /* Build configuration list for PBXProject "GitHubFollower_Programmatic" */ = {
			isa = XCConfigurationList;
			buildConfigurations = (
				74FA15C32981B28400E17E17 /* Debug */,
				74FA15C42981B28400E17E17 /* Release */,
			);
			defaultConfigurationIsVisible = 0;
			defaultConfigurationName = Release;
		};
		74FA15C52981B28400E17E17 /* Build configuration list for PBXNativeTarget "GitHubFollower_Programmatic" */ = {
			isa = XCConfigurationList;
			buildConfigurations = (
				74FA15C62981B28400E17E17 /* Debug */,
				74FA15C72981B28400E17E17 /* Release */,
			);
			defaultConfigurationIsVisible = 0;
			defaultConfigurationName = Release;
		};
/* End XCConfigurationList section */
	};
	rootObject = 74FA15A92981B28300E17E17 /* Project object */;
}
